
Microsoft Visual Studio Solution File, Format Version 12.00
# Visual Studio 15
VisualStudioVersion = 15.0.27130.2027
MinimumVisualStudioVersion = 10.0.40219.1
Project("{FAE04EC0-301F-11D3-BF4B-00C04F79EFBC}") = "DrinksDistributor.Shell", "DrinksDistributor.Shell\DrinksDistributor.Shell.csproj", "{805349A6-E6C1-45D3-8AD9-4D837CBB500D}"
EndProject
Global
	GlobalSection(SolutionConfigurationPlatforms) = preSolution
		Debug|Any CPU = Debug|Any CPU
		Release|Any CPU = Release|Any CPU
	EndGlobalSection
	GlobalSection(ProjectConfigurationPlatforms) = postSolution
		{805349A6-E6C1-45D3-8AD9-4D837CBB500D}.Debug|Any CPU.ActiveCfg = Debug|Any CPU
		{805349A6-E6C1-45D3-8AD9-4D837CBB500D}.Debug|Any CPU.Build.0 = Debug|Any CPU
		{805349A6-E6C1-45D3-8AD9-4D837CBB500D}.Release|Any CPU.ActiveCfg = Release|Any CPU
		{805349A6-E6C1-45D3-8AD9-4D837CBB500D}.Release|Any CPU.Build.0 = Release|Any CPU
	EndGlobalSection
	GlobalSection(SolutionProperties) = preSolution
		HideSolutionNode = FALSE
	EndGlobalSection
	GlobalSection(ExtensibilityGlobals) = postSolution
		SolutionGuid = {6CC35ACC-EA7E-4F1D-A603-7FB985A7BBCA}
	EndGlobalSection
EndGlobal
